{
  "requires": true,
  "lockfileVersion": 1,
  "dependencies": {
    "jquery": {
      "version": "3.3.1",
      "resolved": "https://registry.npmjs.org/jquery/-/jquery-3.3.1.tgz",
      "integrity": "sha512-Ubldcmxp5np52/ENotGxlLe6aGMvmF4R8S6tZjsP6Knsaxd/xp3Zrh50cG93lR6nPXyUFwzN3ZSOQI0wRJNdGg=="
    },
    "jquery-i18next": {
      "version": "1.2.1",
      "resolved": "https://registry.npmjs.org/jquery-i18next/-/jquery-i18next-1.2.1.tgz",
      "integrity": "sha512-UNcw3rgxoKjGEg4w23FEn2h3OlPJU7rPzsgDuXDBZktIzeiVbJohs9Cv9hj8oP8KNfBRKOoErL/OVxg2FaAR4g=="
    }
  }
}
